<Solution>
  <Folder Name="/src/" />
  <Folder Name="/src/Host/">
    <Project Path="src/Host/WebApi/WebApi.csproj" />
  </Folder>
  <Folder Name="/src/Modules/" />
  <Folder Name="/src/Modules/Habits/">
    <Project Path="src/Modules/Habits/Habits.Api/Habits.Api.csproj" />
    <Project Path="src/Modules/Habits/Habits.Application/Habits.Application.csproj" />
    <Project Path="src/Modules/Habits/Habits.Domain/Habits.Domain.csproj" />
    <Project Path="src/Modules/Habits/Habits.Infrastructure/Habits.Infrastructure.csproj" />
  </Folder>
  <Folder Name="/src/Modules/Quests/">
    <Project Path="src/Modules/Quests/Quests.Api/Quests.Api.csproj" />
    <Project Path="src/Modules/Quests/Quests.Application/Quests.Application.csproj" />
    <Project Path="src/Modules/Quests/Quests.Domain/Quests.Domain.csproj" />
    <Project Path="src/Modules/Quests/Quests.Infrastructure/Quests.Infrastructure.csproj" />
  </Folder>
  <Folder Name="/src/Modules/Notifications/">
    <Project Path="src/Modules/Notifications/Notifications.Api/Notifications.Api.csproj" />
    <Project Path="src/Modules/Notifications/Notifications.Application/Notifications.Application.csproj" />
    <Project Path="src/Modules/Notifications/Notifications.Domain/Notifications.Domain.csproj" />
    <Project Path="src/Modules/Notifications/Notifications.Infrastructure/Notifications.Infrastructure.csproj" />
  </Folder>
  <Folder Name="/src/Modules/Users/">
    <Project Path="src/Modules/Users/Users.Api/Users.Api.csproj" />
    <Project Path="src/Modules/Users/Users.Application/Users.Application.csproj" />
    <Project Path="src/Modules/Users/Users.Domain/Users.Domain.csproj" />
    <Project Path="src/Modules/Users/Users.Infrastructure/Users.Infrastructure.csproj" />
  </Folder>
  <Folder Name="/src/Shared/">
    <Project Path="src/Shared/Common.Abstractions/Common.Abstractions.csproj" />
    <Project Path="src/Shared/Common.Infrastructure/Common.Infrastructure.csproj" />
    <Project Path="src/Shared/Common.IntegrationEvents/Common.IntegrationEvents.csproj" />
  </Folder>
  <Folder Name="/tests/">
    <Project Path="tests/WebApi.IntegrationTests/WebApi.IntegrationTests.csproj" />
  </Folder>
</Solution>
